{
  "name": "ffmpeg-remove-multiple-segments",
  "version": "1.0.0",
  "lockfileVersion": 1,
  "requires": true,
  "dependencies": {
    "ajanuw-duration": {
      "version": "0.1.1",
      "resolved": "https://registry.npmjs.org/ajanuw-duration/-/ajanuw-duration-0.1.1.tgz",
      "integrity": "sha512-1QDa7cr5IpfmFrj7etO5LtOE+2WXAW7PW1FgG415AG31ELY9xwmUhFvHBTsYq0Bj6QLCJilOSg30lzjFfZv+xQ=="
    }
  }
}
